
Microsoft Visual Studio Solution File, Format Version 12.00
# Visual Studio 15
VisualStudioVersion = 15.0.28307.1259
MinimumVisualStudioVersion = 10.0.40219.1
Project("{FAE04EC0-301F-11D3-BF4B-00C04F79EFBC}") = "RentalKendaraan_004", "RentalKendaraan_004\RentalKendaraan_004.csproj", "{C47E83A8-FBEE-4F15-8E0E-B31D7AF7021C}"
EndProject
Global
	GlobalSection(SolutionConfigurationPlatforms) = preSolution
		Debug|Any CPU = Debug|Any CPU
		Release|Any CPU = Release|Any CPU
	EndGlobalSection
	GlobalSection(ProjectConfigurationPlatforms) = postSolution
		{C47E83A8-FBEE-4F15-8E0E-B31D7AF7021C}.Debug|Any CPU.ActiveCfg = Debug|Any CPU
		{C47E83A8-FBEE-4F15-8E0E-B31D7AF7021C}.Debug|Any CPU.Build.0 = Debug|Any CPU
		{C47E83A8-FBEE-4F15-8E0E-B31D7AF7021C}.Release|Any CPU.ActiveCfg = Release|Any CPU
		{C47E83A8-FBEE-4F15-8E0E-B31D7AF7021C}.Release|Any CPU.Build.0 = Release|Any CPU
	EndGlobalSection
	GlobalSection(SolutionProperties) = preSolution
		HideSolutionNode = FALSE
	EndGlobalSection
	GlobalSection(ExtensibilityGlobals) = postSolution
		SolutionGuid = {4E642ED3-2FF8-43CA-B138-F5AE5C0C614A}
	EndGlobalSection
EndGlobal
